Microsoft Visual Studio Solution File, Format Version 12.00
# Visual Studio 15
VisualStudioVersion = 15.0.28307.168
MinimumVisualStudioVersion = 10.0.40219.1
Project("{9A19103F-16F7-4668-BE54-9A1E7A4F7556}") = "Parkmeter.Api", "BackEnd\Parkmeter.API\Parkmeter.Api.csproj", "{D73D604C-FBBF-4662-A147-F7C60F3A7CF0}"
EndProject
Project("{2150E333-8FDC-42A3-9474-1A3956D46DE8}") = "Test", "Test", "{34636E8B-43CF-4076-BBEF-E73400178C4A}"
EndProject
Project("{2150E333-8FDC-42A3-9474-1A3956D46DE8}") = "Data", "Data", "{40CB02D8-8B51-4EFD-A61D-A4CF5C43E964}"
EndProject
Project("{2150E333-8FDC-42A3-9474-1A3956D46DE8}") = "FrontEnd", "FrontEnd", "{EA8369CE-9B87-42DD-93B0-26A30CE44405}"
EndProject
Project("{9A19103F-16F7-4668-BE54-9A1E7A4F7556}") = "Parkmeter.Data.EF", "Data\Parkmeter.Data\Parkmeter.Data.EF.csproj", "{F19B73C0-8B6A-485E-8D7C-A22219CAF1F0}"
EndProject
Project("{9A19103F-16F7-4668-BE54-9A1E7A4F7556}") = "Parkmeter.Data.NoSql", "Data\Parkmeter.Data.NoSql\Parkmeter.Data.NoSql.csproj", "{B640D62D-B202-4BF1-8EB8-F4D3D668CE6C}"
EndProject
Project("{9A19103F-16F7-4668-BE54-9A1E7A4F7556}") = "Parkmeter.Persistence", "Data\Parkmeter.Persistence\Parkmeter.Persistence.csproj", "{A68AC513-B3CC-4958-BFF1-27033B40E838}"
EndProject
Project("{9A19103F-16F7-4668-BE54-9A1E7A4F7556}") = "Parkmeter.Admin", "FrontEnd\Parkmeter.Admin\Parkmeter.Admin.csproj", "{E3C7BB46-923C-402E-B6F4-4FF3696A1584}"
EndProject
Project("{2150E333-8FDC-42A3-9474-1A3956D46DE8}") = "Deployment", "Deployment", "{91E7ECDA-30AD-45BE-843C-ECFC1D9C4B5A}"
EndProject
Project("{151D2E53-A2C4-4D7D-83FE-D05416EBD58E}") = "ParkMeterTemplate", "Deployment\ParkMeterTemplate\ParkMeterTemplate.deployproj", "{9D145ED8-DB14-4FB1-8410-F746080E82C8}"
EndProject
Project("{2150E333-8FDC-42A3-9474-1A3956D46DE8}") = "Backend", "Backend", "{8E5744F2-BA48-4B14-85EC-098746EC9C4C}"
EndProject
Project("{2150E333-8FDC-42A3-9474-1A3956D46DE8}") = "Common", "Common", "{F648CA9F-CE5E-477C-86FC-408013AEF175}"
EndProject
Project("{9A19103F-16F7-4668-BE54-9A1E7A4F7556}") = "Parkmeter.Core", "Common\Parkmeter.Core\Parkmeter.Core.csproj", "{221D28A0-23C0-4F29-851F-8E2D26085518}"
EndProject
Project("{9A19103F-16F7-4668-BE54-9A1E7A4F7556}") = "Parkmeter.SDK", "Common\Parkmeter.SDK\Parkmeter.SDK.csproj", "{E3C789C2-B9F6-4056-8219-425DC20F80E5}"
EndProject
Project("{9A19103F-16F7-4668-BE54-9A1E7A4F7556}") = "ParkMeter.UnitTests", "Tests\ParkMeter.UnitTests\ParkMeter.UnitTests.csproj", "{31476314-9EAE-4EA7-9B8B-D898AA54F05E}"
EndProject
Project("{9A19103F-16F7-4668-BE54-9A1E7A4F7556}") = "Parkmeter.Functions", "BackEnd\Parkmeter.Functions\Parkmeter.Functions.csproj", "{BE82A638-0A7B-443E-A5EF-84A884D3E276}"
EndProject
Project("{FAE04EC0-301F-11D3-BF4B-00C04F79EFBC}") = "ParkingDataConsole", "Tests\ParkingDataConsole\ParkingDataConsole.csproj", "{E33E1805-0841-4233-B793-6F79EB816D0F}"
EndProject
Project("{2150E333-8FDC-42A3-9474-1A3956D46DE8}") = "Intelligence", "Intelligence", "{145F4850-B6EC-4412-B48A-E6E3BB77299D}"
EndProject
Project("{FAE04EC0-301F-11D3-BF4B-00C04F79EFBC}") = "Parkmeter", "Parkmeter\Parkmeter.csproj", "{424B576C-6DB0-41F5-9E12-8746837F7D76}"
EndProject
Global
	GlobalSection(SolutionConfigurationPlatforms) = preSolution
		Backend|Any CPU = Backend|Any CPU
		Debug|Any CPU = Debug|Any CPU
		Frontend|Any CPU = Frontend|Any CPU
		Release|Any CPU = Release|Any CPU
	EndGlobalSection
	GlobalSection(ProjectConfigurationPlatforms) = postSolution
		{D73D604C-FBBF-4662-A147-F7C60F3A7CF0}.Backend|Any CPU.ActiveCfg = Backend|Any CPU
		{D73D604C-FBBF-4662-A147-F7C60F3A7CF0}.Backend|Any CPU.Build.0 = Backend|Any CPU
		{D73D604C-FBBF-4662-A147-F7C60F3A7CF0}.Debug|Any CPU.ActiveCfg = Debug|Any CPU
		{D73D604C-FBBF-4662-A147-F7C60F3A7CF0}.Debug|Any CPU.Build.0 = Debug|Any CPU
		{D73D604C-FBBF-4662-A147-F7C60F3A7CF0}.Frontend|Any CPU.ActiveCfg = Frontend|Any CPU
		{D73D604C-FBBF-4662-A147-F7C60F3A7CF0}.Release|Any CPU.ActiveCfg = Release|Any CPU
		{D73D604C-FBBF-4662-A147-F7C60F3A7CF0}.Release|Any CPU.Build.0 = Release|Any CPU
		{F19B73C0-8B6A-485E-8D7C-A22219CAF1F0}.Backend|Any CPU.ActiveCfg = Backend|Any CPU
		{F19B73C0-8B6A-485E-8D7C-A22219CAF1F0}.Backend|Any CPU.Build.0 = Backend|Any CPU
		{F19B73C0-8B6A-485E-8D7C-A22219CAF1F0}.Debug|Any CPU.ActiveCfg = Debug|Any CPU
		{F19B73C0-8B6A-485E-8D7C-A22219CAF1F0}.Debug|Any CPU.Build.0 = Debug|Any CPU
		{F19B73C0-8B6A-485E-8D7C-A22219CAF1F0}.Frontend|Any CPU.ActiveCfg = Frontend|Any CPU
		{F19B73C0-8B6A-485E-8D7C-A22219CAF1F0}.Frontend|Any CPU.Build.0 = Frontend|Any CPU
		{F19B73C0-8B6A-485E-8D7C-A22219CAF1F0}.Release|Any CPU.ActiveCfg = Release|Any CPU
		{F19B73C0-8B6A-485E-8D7C-A22219CAF1F0}.Release|Any CPU.Build.0 = Release|Any CPU
		{B640D62D-B202-4BF1-8EB8-F4D3D668CE6C}.Backend|Any CPU.ActiveCfg = Backend|Any CPU
		{B640D62D-B202-4BF1-8EB8-F4D3D668CE6C}.Backend|Any CPU.Build.0 = Backend|Any CPU
		{B640D62D-B202-4BF1-8EB8-F4D3D668CE6C}.Debug|Any CPU.ActiveCfg = Debug|Any CPU
		{B640D62D-B202-4BF1-8EB8-F4D3D668CE6C}.Debug|Any CPU.Build.0 = Debug|Any CPU
		{B640D62D-B202-4BF1-8EB8-F4D3D668CE6C}.Frontend|Any CPU.ActiveCfg = Frontend|Any CPU
		{B640D62D-B202-4BF1-8EB8-F4D3D668CE6C}.Frontend|Any CPU.Build.0 = Frontend|Any CPU
		{B640D62D-B202-4BF1-8EB8-F4D3D668CE6C}.Release|Any CPU.ActiveCfg = Release|Any CPU
		{B640D62D-B202-4BF1-8EB8-F4D3D668CE6C}.Release|Any CPU.Build.0 = Release|Any CPU
		{A68AC513-B3CC-4958-BFF1-27033B40E838}.Backend|Any CPU.ActiveCfg = Backend|Any CPU
		{A68AC513-B3CC-4958-BFF1-27033B40E838}.Backend|Any CPU.Build.0 = Backend|Any CPU
		{A68AC513-B3CC-4958-BFF1-27033B40E838}.Debug|Any CPU.ActiveCfg = Debug|Any CPU
		{A68AC513-B3CC-4958-BFF1-27033B40E838}.Debug|Any CPU.Build.0 = Debug|Any CPU
		{A68AC513-B3CC-4958-BFF1-27033B40E838}.Frontend|Any CPU.ActiveCfg = Frontend|Any CPU
		{A68AC513-B3CC-4958-BFF1-27033B40E838}.Frontend|Any CPU.Build.0 = Frontend|Any CPU
		{A68AC513-B3CC-4958-BFF1-27033B40E838}.Release|Any CPU.ActiveCfg = Release|Any CPU
		{A68AC513-B3CC-4958-BFF1-27033B40E838}.Release|Any CPU.Build.0 = Release|Any CPU
		{E3C7BB46-923C-402E-B6F4-4FF3696A1584}.Backend|Any CPU.ActiveCfg = Backend|Any CPU
		{E3C7BB46-923C-402E-B6F4-4FF3696A1584}.Debug|Any CPU.ActiveCfg = Debug|Any CPU
		{E3C7BB46-923C-402E-B6F4-4FF3696A1584}.Debug|Any CPU.Build.0 = Debug|Any CPU
		{E3C7BB46-923C-402E-B6F4-4FF3696A1584}.Frontend|Any CPU.ActiveCfg = Frontend|Any CPU
		{E3C7BB46-923C-402E-B6F4-4FF3696A1584}.Frontend|Any CPU.Build.0 = Frontend|Any CPU
		{E3C7BB46-923C-402E-B6F4-4FF3696A1584}.Release|Any CPU.ActiveCfg = Release|Any CPU
		{E3C7BB46-923C-402E-B6F4-4FF3696A1584}.Release|Any CPU.Build.0 = Release|Any CPU
		{9D145ED8-DB14-4FB1-8410-F746080E82C8}.Backend|Any CPU.ActiveCfg = Backend|Any CPU
		{9D145ED8-DB14-4FB1-8410-F746080E82C8}.Debug|Any CPU.ActiveCfg = Debug|Any CPU
		{9D145ED8-DB14-4FB1-8410-F746080E82C8}.Debug|Any CPU.Build.0 = Debug|Any CPU
		{9D145ED8-DB14-4FB1-8410-F746080E82C8}.Frontend|Any CPU.ActiveCfg = Frontend|Any CPU
		{9D145ED8-DB14-4FB1-8410-F746080E82C8}.Release|Any CPU.ActiveCfg = Release|Any CPU
		{9D145ED8-DB14-4FB1-8410-F746080E82C8}.Release|Any CPU.Build.0 = Release|Any CPU
		{221D28A0-23C0-4F29-851F-8E2D26085518}.Backend|Any CPU.ActiveCfg = Backend|Any CPU
		{221D28A0-23C0-4F29-851F-8E2D26085518}.Backend|Any CPU.Build.0 = Backend|Any CPU
		{221D28A0-23C0-4F29-851F-8E2D26085518}.Debug|Any CPU.ActiveCfg = Debug|Any CPU
		{221D28A0-23C0-4F29-851F-8E2D26085518}.Debug|Any CPU.Build.0 = Debug|Any CPU
		{221D28A0-23C0-4F29-851F-8E2D26085518}.Frontend|Any CPU.ActiveCfg = Frontend|Any CPU
		{221D28A0-23C0-4F29-851F-8E2D26085518}.Frontend|Any CPU.Build.0 = Frontend|Any CPU
		{221D28A0-23C0-4F29-851F-8E2D26085518}.Release|Any CPU.ActiveCfg = Release|Any CPU
		{221D28A0-23C0-4F29-851F-8E2D26085518}.Release|Any CPU.Build.0 = Release|Any CPU
		{E3C789C2-B9F6-4056-8219-425DC20F80E5}.Backend|Any CPU.ActiveCfg = Backend|Any CPU
		{E3C789C2-B9F6-4056-8219-425DC20F80E5}.Backend|Any CPU.Build.0 = Backend|Any CPU
		{E3C789C2-B9F6-4056-8219-425DC20F80E5}.Debug|Any CPU.ActiveCfg = Debug|Any CPU
		{E3C789C2-B9F6-4056-8219-425DC20F80E5}.Debug|Any CPU.Build.0 = Debug|Any CPU
		{E3C789C2-B9F6-4056-8219-425DC20F80E5}.Frontend|Any CPU.ActiveCfg = Frontend|Any CPU
		{E3C789C2-B9F6-4056-8219-425DC20F80E5}.Frontend|Any CPU.Build.0 = Frontend|Any CPU
		{E3C789C2-B9F6-4056-8219-425DC20F80E5}.Release|Any CPU.ActiveCfg = Release|Any CPU
		{E3C789C2-B9F6-4056-8219-425DC20F80E5}.Release|Any CPU.Build.0 = Release|Any CPU
		{31476314-9EAE-4EA7-9B8B-D898AA54F05E}.Backend|Any CPU.ActiveCfg = Backend|Any CPU
		{31476314-9EAE-4EA7-9B8B-D898AA54F05E}.Backend|Any CPU.Build.0 = Backend|Any CPU
		{31476314-9EAE-4EA7-9B8B-D898AA54F05E}.Debug|Any CPU.ActiveCfg = Debug|Any CPU
		{31476314-9EAE-4EA7-9B8B-D898AA54F05E}.Debug|Any CPU.Build.0 = Debug|Any CPU
		{31476314-9EAE-4EA7-9B8B-D898AA54F05E}.Frontend|Any CPU.ActiveCfg = Frontend|Any CPU
		{31476314-9EAE-4EA7-9B8B-D898AA54F05E}.Frontend|Any CPU.Build.0 = Frontend|Any CPU
		{31476314-9EAE-4EA7-9B8B-D898AA54F05E}.Release|Any CPU.ActiveCfg = Release|Any CPU
		{31476314-9EAE-4EA7-9B8B-D898AA54F05E}.Release|Any CPU.Build.0 = Release|Any CPU
		{BE82A638-0A7B-443E-A5EF-84A884D3E276}.Backend|Any CPU.ActiveCfg = Debug|Any CPU
		{BE82A638-0A7B-443E-A5EF-84A884D3E276}.Backend|Any CPU.Build.0 = Debug|Any CPU
		{BE82A638-0A7B-443E-A5EF-84A884D3E276}.Debug|Any CPU.ActiveCfg = Debug|Any CPU
		{BE82A638-0A7B-443E-A5EF-84A884D3E276}.Debug|Any CPU.Build.0 = Debug|Any CPU
		{BE82A638-0A7B-443E-A5EF-84A884D3E276}.Frontend|Any CPU.ActiveCfg = Debug|Any CPU
		{BE82A638-0A7B-443E-A5EF-84A884D3E276}.Frontend|Any CPU.Build.0 = Debug|Any CPU
		{BE82A638-0A7B-443E-A5EF-84A884D3E276}.Release|Any CPU.ActiveCfg = Release|Any CPU
		{BE82A638-0A7B-443E-A5EF-84A884D3E276}.Release|Any CPU.Build.0 = Release|Any CPU
		{E33E1805-0841-4233-B793-6F79EB816D0F}.Backend|Any CPU.ActiveCfg = Release|Any CPU
		{E33E1805-0841-4233-B793-6F79EB816D0F}.Backend|Any CPU.Build.0 = Release|Any CPU
		{E33E1805-0841-4233-B793-6F79EB816D0F}.Debug|Any CPU.ActiveCfg = Debug|Any CPU
		{E33E1805-0841-4233-B793-6F79EB816D0F}.Debug|Any CPU.Build.0 = Debug|Any CPU
		{E33E1805-0841-4233-B793-6F79EB816D0F}.Frontend|Any CPU.ActiveCfg = Release|Any CPU
		{E33E1805-0841-4233-B793-6F79EB816D0F}.Frontend|Any CPU.Build.0 = Release|Any CPU
		{E33E1805-0841-4233-B793-6F79EB816D0F}.Release|Any CPU.ActiveCfg = Release|Any CPU
		{E33E1805-0841-4233-B793-6F79EB816D0F}.Release|Any CPU.Build.0 = Release|Any CPU
		{424B576C-6DB0-41F5-9E12-8746837F7D76}.Backend|Any CPU.ActiveCfg = Debug|Any CPU
		{424B576C-6DB0-41F5-9E12-8746837F7D76}.Backend|Any CPU.Build.0 = Debug|Any CPU
		{424B576C-6DB0-41F5-9E12-8746837F7D76}.Debug|Any CPU.ActiveCfg = Debug|Any CPU
		{424B576C-6DB0-41F5-9E12-8746837F7D76}.Debug|Any CPU.Build.0 = Debug|Any CPU
		{424B576C-6DB0-41F5-9E12-8746837F7D76}.Frontend|Any CPU.ActiveCfg = Debug|Any CPU
		{424B576C-6DB0-41F5-9E12-8746837F7D76}.Frontend|Any CPU.Build.0 = Debug|Any CPU
		{424B576C-6DB0-41F5-9E12-8746837F7D76}.Release|Any CPU.ActiveCfg = Release|Any CPU
		{424B576C-6DB0-41F5-9E12-8746837F7D76}.Release|Any CPU.Build.0 = Release|Any CPU
	EndGlobalSection
	GlobalSection(SolutionProperties) = preSolution
		HideSolutionNode = FALSE
	EndGlobalSection
	GlobalSection(NestedProjects) = preSolution
		{D73D604C-FBBF-4662-A147-F7C60F3A7CF0} = {8E5744F2-BA48-4B14-85EC-098746EC9C4C}
		{F19B73C0-8B6A-485E-8D7C-A22219CAF1F0} = {40CB02D8-8B51-4EFD-A61D-A4CF5C43E964}
		{B640D62D-B202-4BF1-8EB8-F4D3D668CE6C} = {40CB02D8-8B51-4EFD-A61D-A4CF5C43E964}
		{A68AC513-B3CC-4958-BFF1-27033B40E838} = {40CB02D8-8B51-4EFD-A61D-A4CF5C43E964}
		{E3C7BB46-923C-402E-B6F4-4FF3696A1584} = {EA8369CE-9B87-42DD-93B0-26A30CE44405}
		{9D145ED8-DB14-4FB1-8410-F746080E82C8} = {91E7ECDA-30AD-45BE-843C-ECFC1D9C4B5A}
		{221D28A0-23C0-4F29-851F-8E2D26085518} = {F648CA9F-CE5E-477C-86FC-408013AEF175}
		{E3C789C2-B9F6-4056-8219-425DC20F80E5} = {F648CA9F-CE5E-477C-86FC-408013AEF175}
		{31476314-9EAE-4EA7-9B8B-D898AA54F05E} = {34636E8B-43CF-4076-BBEF-E73400178C4A}
		{BE82A638-0A7B-443E-A5EF-84A884D3E276} = {8E5744F2-BA48-4B14-85EC-098746EC9C4C}
		{E33E1805-0841-4233-B793-6F79EB816D0F} = {34636E8B-43CF-4076-BBEF-E73400178C4A}
		{424B576C-6DB0-41F5-9E12-8746837F7D76} = {145F4850-B6EC-4412-B48A-E6E3BB77299D}
	EndGlobalSection
	GlobalSection(ExtensibilityGlobals) = postSolution
		SolutionGuid = {E85E1D53-C9AE-4DB4-BED7-783C0E1DC909}
	EndGlobalSection
EndGlobal
